
Microsoft Visual Studio Solution File, Format Version 12.00
# Visual Studio Version 17
VisualStudioVersion = 17.0.31903.59
MinimumVisualStudioVersion = 10.0.40219.1
Project("{2150E333-8FDC-42A3-9474-1A3956D46DE8}") = "src", "src", "{54CAB0AD-76EC-4E33-BA9A-F40D45C7FF52}"
EndProject
Project("{FAE04EC0-301F-11D3-BF4B-00C04F79EFBC}") = "AuctionService", "src\AuctionService\AuctionService.csproj", "{113A2986-1DCA-4F35-ACDB-88AA79B72F5F}"
EndProject
Project("{FAE04EC0-301F-11D3-BF4B-00C04F79EFBC}") = "SearchService", "src\SearchService\SearchService.csproj", "{89291E7C-5C65-4FFE-A1A6-BC025556E09D}"
EndProject
Project("{FAE04EC0-301F-11D3-BF4B-00C04F79EFBC}") = "Contracts", "src\Contracts\Contracts.csproj", "{A486E516-E141-43E1-9FD2-1B7F7157A3F3}"
EndProject
Project("{FAE04EC0-301F-11D3-BF4B-00C04F79EFBC}") = "IdentityService", "src\IdentityService\IdentityService.csproj", "{8408E869-3EFB-4254-A49B-D134D2F8A0CC}"
EndProject
Global
	GlobalSection(SolutionConfigurationPlatforms) = preSolution
		Debug|Any CPU = Debug|Any CPU
		Release|Any CPU = Release|Any CPU
	EndGlobalSection
	GlobalSection(SolutionProperties) = preSolution
		HideSolutionNode = FALSE
	EndGlobalSection
	GlobalSection(ProjectConfigurationPlatforms) = postSolution
		{113A2986-1DCA-4F35-ACDB-88AA79B72F5F}.Debug|Any CPU.ActiveCfg = Debug|Any CPU
		{113A2986-1DCA-4F35-ACDB-88AA79B72F5F}.Debug|Any CPU.Build.0 = Debug|Any CPU
		{113A2986-1DCA-4F35-ACDB-88AA79B72F5F}.Release|Any CPU.ActiveCfg = Release|Any CPU
		{113A2986-1DCA-4F35-ACDB-88AA79B72F5F}.Release|Any CPU.Build.0 = Release|Any CPU
		{89291E7C-5C65-4FFE-A1A6-BC025556E09D}.Debug|Any CPU.ActiveCfg = Debug|Any CPU
		{89291E7C-5C65-4FFE-A1A6-BC025556E09D}.Debug|Any CPU.Build.0 = Debug|Any CPU
		{89291E7C-5C65-4FFE-A1A6-BC025556E09D}.Release|Any CPU.ActiveCfg = Release|Any CPU
		{89291E7C-5C65-4FFE-A1A6-BC025556E09D}.Release|Any CPU.Build.0 = Release|Any CPU
		{A486E516-E141-43E1-9FD2-1B7F7157A3F3}.Debug|Any CPU.ActiveCfg = Debug|Any CPU
		{A486E516-E141-43E1-9FD2-1B7F7157A3F3}.Debug|Any CPU.Build.0 = Debug|Any CPU
		{A486E516-E141-43E1-9FD2-1B7F7157A3F3}.Release|Any CPU.ActiveCfg = Release|Any CPU
		{A486E516-E141-43E1-9FD2-1B7F7157A3F3}.Release|Any CPU.Build.0 = Release|Any CPU
		{8408E869-3EFB-4254-A49B-D134D2F8A0CC}.Debug|Any CPU.ActiveCfg = Debug|Any CPU
		{8408E869-3EFB-4254-A49B-D134D2F8A0CC}.Debug|Any CPU.Build.0 = Debug|Any CPU
		{8408E869-3EFB-4254-A49B-D134D2F8A0CC}.Release|Any CPU.ActiveCfg = Release|Any CPU
		{8408E869-3EFB-4254-A49B-D134D2F8A0CC}.Release|Any CPU.Build.0 = Release|Any CPU
	EndGlobalSection
	GlobalSection(NestedProjects) = preSolution
		{113A2986-1DCA-4F35-ACDB-88AA79B72F5F} = {54CAB0AD-76EC-4E33-BA9A-F40D45C7FF52}
		{89291E7C-5C65-4FFE-A1A6-BC025556E09D} = {54CAB0AD-76EC-4E33-BA9A-F40D45C7FF52}
		{A486E516-E141-43E1-9FD2-1B7F7157A3F3} = {54CAB0AD-76EC-4E33-BA9A-F40D45C7FF52}
		{8408E869-3EFB-4254-A49B-D134D2F8A0CC} = {54CAB0AD-76EC-4E33-BA9A-F40D45C7FF52}
	EndGlobalSection
EndGlobal
